
Microsoft Visual Studio Solution File, Format Version 12.00
# Visual Studio Version 16
VisualStudioVersion = 16.0.30011.22
MinimumVisualStudioVersion = 10.0.40219.1
Project("{FAE04EC0-301F-11D3-BF4B-00C04F79EFBC}") = "SpotifyAdMuter", "SpotifyAdMuter.csproj", "{9E030F44-5D3B-4955-8929-CC38535294F8}"
EndProject
Global
	GlobalSection(SolutionConfigurationPlatforms) = preSolution
		Debug|Any CPU = Debug|Any CPU
		Release|Any CPU = Release|Any CPU
	EndGlobalSection
	GlobalSection(ProjectConfigurationPlatforms) = postSolution
		{9E030F44-5D3B-4955-8929-CC38535294F8}.Debug|Any CPU.ActiveCfg = Debug|Any CPU
		{9E030F44-5D3B-4955-8929-CC38535294F8}.Debug|Any CPU.Build.0 = Debug|Any CPU
		{9E030F44-5D3B-4955-8929-CC38535294F8}.Release|Any CPU.ActiveCfg = Release|Any CPU
		{9E030F44-5D3B-4955-8929-CC38535294F8}.Release|Any CPU.Build.0 = Release|Any CPU
	EndGlobalSection
	GlobalSection(SolutionProperties) = preSolution
		HideSolutionNode = FALSE
	EndGlobalSection
	GlobalSection(ExtensibilityGlobals) = postSolution
		SolutionGuid = {A8327B47-ECD8-4694-BB5A-1449FCD0D18F}
	EndGlobalSection
EndGlobal
